
Microsoft Visual Studio Solution File, Format Version 12.00
# Visual Studio Version 16
VisualStudioVersion = 16.0.32002.261
MinimumVisualStudioVersion = 10.0.40219.1
Project("{FAE04EC0-301F-11D3-BF4B-00C04F79EFBC}") = "PizzaRestaurant", "PizzaRestaurant.csproj", "{A93A8130-782C-40B4-BF44-F55318D11C19}"
EndProject
Global
	GlobalSection(SolutionConfigurationPlatforms) = preSolution
		Debug|Any CPU = Debug|Any CPU
		Release|Any CPU = Release|Any CPU
	EndGlobalSection
	GlobalSection(ProjectConfigurationPlatforms) = postSolution
		{A93A8130-782C-40B4-BF44-F55318D11C19}.Debug|Any CPU.ActiveCfg = Debug|Any CPU
		{A93A8130-782C-40B4-BF44-F55318D11C19}.Debug|Any CPU.Build.0 = Debug|Any CPU
		{A93A8130-782C-40B4-BF44-F55318D11C19}.Release|Any CPU.ActiveCfg = Release|Any CPU
		{A93A8130-782C-40B4-BF44-F55318D11C19}.Release|Any CPU.Build.0 = Release|Any CPU
	EndGlobalSection
	GlobalSection(SolutionProperties) = preSolution
		HideSolutionNode = FALSE
	EndGlobalSection
	GlobalSection(ExtensibilityGlobals) = postSolution
		SolutionGuid = {2897EDC9-B6AE-4B5C-BB74-EEAC92634454}
	EndGlobalSection
EndGlobal
